<?xml version="1.0" encoding="utf-8"?>
<Project ToolsVersion="4.0" xmlns="http://schemas.microsoft.com/developer/msbuild/2003">
  <ItemGroup>
    <Filter Include="Source Files">
      <UniqueIdentifier>{4FC737F1-C7A5-4376-A066-2A32D752A2FF}</UniqueIdentifier>
      <Extensions>cpp;c;cc;cxx;def;odl;idl;hpj;bat;asm;asmx</Extensions>
    </Filter>
    <Filter Include="Source Files\winaAPI">
      <UniqueIdentifier>{8c8764e3-d7a3-45d9-9601-fa1e93aa262b}</UniqueIdentifier>
    </Filter>
    <Filter Include="Source Files\Graphics">
      <UniqueIdentifier>{249f84ed-43c0-4e12-97eb-b4044bea6ec0}</UniqueIdentifier>
    </Filter>
    <Filter Include="Source Files\Content">
      <UniqueIdentifier>{33a07624-9369-4259-8191-0c66d57bb0f0}</UniqueIdentifier>
    </Filter>
    <Filter Include="Source Files\WorldObjects">
      <UniqueIdentifier>{dcd60e9a-9eba-45dc-aaf2-3e27c386b349}</UniqueIdentifier>
    </Filter>
    <Filter Include="Source Files\WorldObjects\Controllers">
      <UniqueIdentifier>{2558a43c-d69a-4261-95a6-00287fde581f}</UniqueIdentifier>
    </Filter>
    <Filter Include="Source Files\WorldObjects\Entities">
      <UniqueIdentifier>{7c133067-b3bc-41fd-b59a-c8aad149eceb}</UniqueIdentifier>
    </Filter>
    <Filter Include="Source Files\WorldObjects\Physical">
      <UniqueIdentifier>{150313fb-b7e4-4376-8150-0d24b5a67b83}</UniqueIdentifier>
    </Filter>
    <Filter Include="Source Files\Management">
      <UniqueIdentifier>{d5cdb5c7-ecff-4e14-b1b0-a554e857e5e2}</UniqueIdentifier>
    </Filter>
    <Filter Include="Header Files">
      <UniqueIdentifier>{93995380-89BD-4b04-88EB-625FBE52EBFB}</UniqueIdentifier>
      <Extensions>h;hpp;hxx;hm;inl;inc;xsd</Extensions>
    </Filter>
    <Filter Include="Header Files\Graphics">
      <UniqueIdentifier>{f25978a3-b503-4ff8-bbf2-5d69b62951e6}</UniqueIdentifier>
    </Filter>
    <Filter Include="Header Files\winAPI">
      <UniqueIdentifier>{7f84154d-a841-43ec-8f82-99dd6c181759}</UniqueIdentifier>
    </Filter>
    <Filter Include="Header Files\Management">
      <UniqueIdentifier>{d37008aa-6569-4ba6-8d6f-ee977704f9df}</UniqueIdentifier>
    </Filter>
    <Filter Include="Header Files\Content">
      <UniqueIdentifier>{1a4b1037-afff-40f6-9f9e-0b99c847a13a}</UniqueIdentifier>
    </Filter>
    <Filter Include="Header Files\WorldObjects">
      <UniqueIdentifier>{27ac8937-b5d3-4f77-8046-4adee7e59b76}</UniqueIdentifier>
    </Filter>
    <Filter Include="Header Files\WorldObjects\Controllers">
      <UniqueIdentifier>{c6ec9bd5-77cd-4665-9503-23ed90751b89}</UniqueIdentifier>
    </Filter>
    <Filter Include="Header Files\WorldObjects\Entities">
      <UniqueIdentifier>{305132ac-893f-4551-85e4-ad317abbba9f}</UniqueIdentifier>
    </Filter>
    <Filter Include="Header Files\WorldObjects\Physical">
      <UniqueIdentifier>{49505997-2b0b-4efc-9d58-5d51fcc191e4}</UniqueIdentifier>
    </Filter>
    <Filter Include="Resource Files">
      <UniqueIdentifier>{67DA6AB6-F800-4c08-8B7A-83BB121AAD01}</UniqueIdentifier>
      <Extensions>rc;ico;cur;bmp;dlg;rc2;rct;bin;rgs;gif;jpg;jpeg;jpe;resx;tiff;tif;png;wav</Extensions>
    </Filter>
    <Filter Include="Source Files\Math">
      <UniqueIdentifier>{6c630220-f5fd-469b-9e2b-90f785787350}</UniqueIdentifier>
    </Filter>
    <Filter Include="Header Files\Math">
      <UniqueIdentifier>{eaad1ec1-c622-4f48-8b55-10c616729581}</UniqueIdentifier>
    </Filter>
    <Filter Include="Source Files\Useful">
      <UniqueIdentifier>{25cb9c70-2295-4a49-a2bb-d16ef278668d}</UniqueIdentifier>
    </Filter>
    <Filter Include="Header Files\Useful">
      <UniqueIdentifier>{22873459-8d47-4ae6-a263-c3693e16151c}</UniqueIdentifier>
    </Filter>
  </ItemGroup>
  <ItemGroup>
    <ClCompile Include="PointLight.cpp">
      <Filter>Source Files</Filter>
    </ClCompile>
    <ClCompile Include="World.cpp">
      <Filter>Source Files</Filter>
    </ClCompile>
    <ClCompile Include="Camera.cpp">
      <Filter>Source Files\Math</Filter>
    </ClCompile>
    <ClCompile Include="Matrix.cpp">
      <Filter>Source Files\Math</Filter>
    </ClCompile>
    <ClCompile Include="Vector.cpp">
      <Filter>Source Files\Math</Filter>
    </ClCompile>
    <ClCompile Include="Vector2.cpp">
      <Filter>Source Files\Math</Filter>
    </ClCompile>
    <ClCompile Include="MD2Loader.cpp">
      <Filter>Source Files\Useful</Filter>
    </ClCompile>
    <ClCompile Include="stdafx.cpp">
      <Filter>Source Files\winaAPI</Filter>
    </ClCompile>
    <ClCompile Include="TakeTwoMofo.cpp">
      <Filter>Source Files\winaAPI</Filter>
    </ClCompile>
    <ClCompile Include="Bone.cpp">
      <Filter>Source Files\Graphics</Filter>
    </ClCompile>
    <ClCompile Include="Model.cpp">
      <Filter>Source Files\Graphics</Filter>
    </ClCompile>
    <ClCompile Include="Polygn.cpp">
      <Filter>Source Files\Graphics</Filter>
    </ClCompile>
    <ClCompile Include="Rasterizer.cpp">
      <Filter>Source Files\Graphics</Filter>
    </ClCompile>
    <ClCompile Include="Rasterizer2.cpp">
      <Filter>Source Files\Graphics</Filter>
    </ClCompile>
    <ClCompile Include="RasterizerBump.cpp">
      <Filter>Source Files\Graphics</Filter>
    </ClCompile>
    <ClCompile Include="RasterizerFence.cpp">
      <Filter>Source Files\Graphics</Filter>
    </ClCompile>
    <ClCompile Include="RasterizerFlat.cpp">
      <Filter>Source Files\Graphics</Filter>
    </ClCompile>
    <ClCompile Include="RasterizerPhong.cpp">
      <Filter>Source Files\Graphics</Filter>
    </ClCompile>
    <ClCompile Include="Vertex.cpp">
      <Filter>Source Files\Graphics</Filter>
    </ClCompile>
    <ClCompile Include="DemoModel.cpp">
      <Filter>Source Files\Content</Filter>
    </ClCompile>
    <ClCompile Include="MHuman.cpp">
      <Filter>Source Files\Content</Filter>
    </ClCompile>
    <ClCompile Include="Terrain.cpp">
      <Filter>Source Files\Content</Filter>
    </ClCompile>
    <ClCompile Include="WorldObj.cpp">
      <Filter>Source Files\WorldObjects</Filter>
    </ClCompile>
    <ClCompile Include="AIController.cpp">
      <Filter>Source Files\WorldObjects\Controllers</Filter>
    </ClCompile>
    <ClCompile Include="Controller.cpp">
      <Filter>Source Files\WorldObjects\Controllers</Filter>
    </ClCompile>
    <ClCompile Include="PlayerControl.cpp">
      <Filter>Source Files\WorldObjects\Controllers</Filter>
    </ClCompile>
    <ClCompile Include="Entity.cpp">
      <Filter>Source Files\WorldObjects\Entities</Filter>
    </ClCompile>
    <ClCompile Include="Player.cpp">
      <Filter>Source Files\WorldObjects\Entities</Filter>
    </ClCompile>
    <ClCompile Include="PhysObj.cpp">
      <Filter>Source Files\WorldObjects\Physical</Filter>
    </ClCompile>
    <ClCompile Include="PlayerPhys.cpp">
      <Filter>Source Files\WorldObjects\Physical</Filter>
    </ClCompile>
    <ClCompile Include="ControlManager.cpp">
      <Filter>Source Files\Management</Filter>
    </ClCompile>
    <ClCompile Include="GameManager.cpp">
      <Filter>Source Files\Management</Filter>
    </ClCompile>
    <ClCompile Include="GameTime.cpp">
      <Filter>Source Files\Management</Filter>
    </ClCompile>
    <ClCompile Include="InputHandler.cpp">
      <Filter>Source Files\Management</Filter>
    </ClCompile>
    <ClCompile Include="PhysicsManager.cpp">
      <Filter>Source Files\Management</Filter>
    </ClCompile>
  </ItemGroup>
  <ItemGroup>
    <ClInclude Include="PointLight.h">
      <Filter>Header Files</Filter>
    </ClInclude>
    <ClInclude Include="World.h">
      <Filter>Header Files</Filter>
    </ClInclude>
    <ClInclude Include="Bone.h">
      <Filter>Header Files\Graphics</Filter>
    </ClInclude>
    <ClInclude Include="Model.h">
      <Filter>Header Files\Graphics</Filter>
    </ClInclude>
    <ClInclude Include="Polygn.h">
      <Filter>Header Files\Graphics</Filter>
    </ClInclude>
    <ClInclude Include="Rasterizer.h">
      <Filter>Header Files\Graphics</Filter>
    </ClInclude>
    <ClInclude Include="Vertex.h">
      <Filter>Header Files\Graphics</Filter>
    </ClInclude>
    <ClInclude Include="Camera.h">
      <Filter>Header Files\Math</Filter>
    </ClInclude>
    <ClInclude Include="Matrix.h">
      <Filter>Header Files\Math</Filter>
    </ClInclude>
    <ClInclude Include="Vector.h">
      <Filter>Header Files\Math</Filter>
    </ClInclude>
    <ClInclude Include="Vector2.h">
      <Filter>Header Files\Math</Filter>
    </ClInclude>
    <ClInclude Include="Keycodes.h">
      <Filter>Header Files\Useful</Filter>
    </ClInclude>
    <ClInclude Include="MD2Loader.h">
      <Filter>Header Files\Useful</Filter>
    </ClInclude>
    <ClInclude Include="Resource.h">
      <Filter>Header Files\winAPI</Filter>
    </ClInclude>
    <ClInclude Include="stdafx.h">
      <Filter>Header Files\winAPI</Filter>
    </ClInclude>
    <ClInclude Include="TakeTwoMofo.h">
      <Filter>Header Files\winAPI</Filter>
    </ClInclude>
    <ClInclude Include="targetver.h">
      <Filter>Header Files\winAPI</Filter>
    </ClInclude>
    <ClInclude Include="ControlManager.h">
      <Filter>Header Files\Management</Filter>
    </ClInclude>
    <ClInclude Include="GameManager.h">
      <Filter>Header Files\Management</Filter>
    </ClInclude>
    <ClInclude Include="GameTime.h">
      <Filter>Header Files\Management</Filter>
    </ClInclude>
    <ClInclude Include="InputHandler.h">
      <Filter>Header Files\Management</Filter>
    </ClInclude>
    <ClInclude Include="PhysicsManager.h">
      <Filter>Header Files\Management</Filter>
    </ClInclude>
    <ClInclude Include="DemoModel.h">
      <Filter>Header Files\Content</Filter>
    </ClInclude>
    <ClInclude Include="MHuman.h">
      <Filter>Header Files\Content</Filter>
    </ClInclude>
    <ClInclude Include="Terrain.h">
      <Filter>Header Files\Content</Filter>
    </ClInclude>
    <ClInclude Include="AIController.h">
      <Filter>Header Files\WorldObjects\Controllers</Filter>
    </ClInclude>
    <ClInclude Include="Controller.h">
      <Filter>Header Files\WorldObjects\Controllers</Filter>
    </ClInclude>
    <ClInclude Include="PlayerControl.h">
      <Filter>Header Files\WorldObjects\Controllers</Filter>
    </ClInclude>
    <ClInclude Include="Entity.h">
      <Filter>Header Files\WorldObjects\Entities</Filter>
    </ClInclude>
    <ClInclude Include="Player.h">
      <Filter>Header Files\WorldObjects\Entities</Filter>
    </ClInclude>
    <ClInclude Include="PhysObj.h">
      <Filter>Header Files\WorldObjects\Physical</Filter>
    </ClInclude>
    <ClInclude Include="PlayerPhys.h">
      <Filter>Header Files\WorldObjects\Physical</Filter>
    </ClInclude>
    <ClInclude Include="WorldObj.h">
      <Filter>Header Files\WorldObjects\Physical</Filter>
    </ClInclude>
  </ItemGroup>
  <ItemGroup>
    <Image Include="small.ico">
      <Filter>Resource Files</Filter>
    </Image>
    <Image Include="TakeTwoMofo.ico">
      <Filter>Resource Files</Filter>
    </Image>
  </ItemGroup>
  <ItemGroup>
    <ResourceCompile Include="TakeTwoMofo.rc">
      <Filter>Resource Files</Filter>
    </ResourceCompile>
  </ItemGroup>
  <ItemGroup>
    <Text Include="ReadMe.txt" />
  </ItemGroup>
</Project>